// !$*UTF8*$!
{
	archiveVersion = 1;
	classes = {
	};
	objectVersion = 46;
	objects = {

/* Begin PBXBuildFile section */
		718DBDB11D65349C00F887B1 /* FolderViewController.swift in Sources */ = {isa = PBXBuildFile; fileRef = 718DBDB01D65349C00F887B1 /* FolderViewController.swift */; };
		718DBDB61D6596BD00F887B1 /* FolderAlarmTableViewCell.swift in Sources */ = {isa = PBXBuildFile; fileRef = 718DBDB51D6596BD00F887B1 /* FolderAlarmTableViewCell.swift */; };
		7190A36F1D618AE700B0119C /* AlarmTableViewCell.swift in Sources */ = {isa = PBXBuildFile; fileRef = 7190A36E1D618AE700B0119C /* AlarmTableViewCell.swift */; };
		7190A3711D618AF600B0119C /* Alarm.swift in Sources */ = {isa = PBXBuildFile; fileRef = 7190A3701D618AF600B0119C /* Alarm.swift */; };
		7190A3731D61C14400B0119C /* AddAlarmViewController.swift in Sources */ = {isa = PBXBuildFile; fileRef = 7190A3721D61C14400B0119C /* AddAlarmViewController.swift */; };
		7190A3751D61D32B00B0119C /* RealmHelper.swift in Sources */ = {isa = PBXBuildFile; fileRef = 7190A3741D61D32B00B0119C /* RealmHelper.swift */; };
		7190A3771D62D8B000B0119C /* AlarmScheduler.swift in Sources */ = {isa = PBXBuildFile; fileRef = 7190A3761D62D8B000B0119C /* AlarmScheduler.swift */; };
		71A2F7C91D1E34D300CDF125 /* AppDelegate.swift in Sources */ = {isa = PBXBuildFile; fileRef = 71A2F7C81D1E34D300CDF125 /* AppDelegate.swift */; };
		71A2F7CB1D1E34D300CDF125 /* ViewController.swift in Sources */ = {isa = PBXBuildFile; fileRef = 71A2F7CA1D1E34D300CDF125 /* ViewController.swift */; };
		71A2F7CE1D1E34D300CDF125 /* Main.storyboard in Resources */ = {isa = PBXBuildFile; fileRef = 71A2F7CC1D1E34D300CDF125 /* Main.storyboard */; };
		71A2F7D01D1E34D300CDF125 /* Assets.xcassets in Resources */ = {isa = PBXBuildFile; fileRef = 71A2F7CF1D1E34D300CDF125 /* Assets.xcassets */; };
		71A2F7D31D1E34D300CDF125 /* LaunchScreen.storyboard in Resources */ = {isa = PBXBuildFile; fileRef = 71A2F7D11D1E34D300CDF125 /* LaunchScreen.storyboard */; };
		71E480401D63E88F0097926C /* Folder.swift in Sources */ = {isa = PBXBuildFile; fileRef = 71E4803F1D63E88F0097926C /* Folder.swift */; };
		71E480421D640DEA0097926C /* AddFolderViewController.swift in Sources */ = {isa = PBXBuildFile; fileRef = 71E480411D640DEA0097926C /* AddFolderViewController.swift */; };
		BA707ACE2D91C367579B7EDC /* Pods_Alarm_App.framework in Frameworks */ = {isa = PBXBuildFile; fileRef = 530BC55C8F7D57142C260862 /* Pods_Alarm_App.framework */; };
/* End PBXBuildFile section */

/* Begin PBXFileReference section */
		530BC55C8F7D57142C260862 /* Pods_Alarm_App.framework */ = {isa = PBXFileReference; explicitFileType = wrapper.framework; includeInIndex = 0; path = Pods_Alarm_App.framework; sourceTree = BUILT_PRODUCTS_DIR; };
		718DBDB01D65349C00F887B1 /* FolderViewController.swift */ = {isa = PBXFileReference; fileEncoding = 4; lastKnownFileType = sourcecode.swift; path = FolderViewController.swift; sourceTree = "<group>"; };
		718DBDB51D6596BD00F887B1 /* FolderAlarmTableViewCell.swift */ = {isa = PBXFileReference; fileEncoding = 4; lastKnownFileType = sourcecode.swift; path = FolderAlarmTableViewCell.swift; sourceTree = "<group>"; };
		7190A36E1D618AE700B0119C /* AlarmTableViewCell.swift */ = {isa = PBXFileReference; fileEncoding = 4; lastKnownFileType = sourcecode.swift; path = AlarmTableViewCell.swift; sourceTree = "<group>"; };
		7190A3701D618AF600B0119C /* Alarm.swift */ = {isa = PBXFileReference; fileEncoding = 4; lastKnownFileType = sourcecode.swift; path = Alarm.swift; sourceTree = "<group>"; };
		7190A3721D61C14400B0119C /* AddAlarmViewController.swift */ = {isa = PBXFileReference; fileEncoding = 4; lastKnownFileType = sourcecode.swift; path = AddAlarmViewController.swift; sourceTree = "<group>"; };
		7190A3741D61D32B00B0119C /* RealmHelper.swift */ = {isa = PBXFileReference; fileEncoding = 4; lastKnownFileType = sourcecode.swift; path = RealmHelper.swift; sourceTree = "<group>"; };
		7190A3761D62D8B000B0119C /* AlarmScheduler.swift */ = {isa = PBXFileReference; fileEncoding = 4; lastKnownFileType = sourcecode.swift; path = AlarmScheduler.swift; sourceTree = "<group>"; };
		71A2F7C51D1E34D300CDF125 /* Alarm App.app */ = {isa = PBXFileReference; explicitFileType = wrapper.application; includeInIndex = 0; path = "Alarm App.app"; sourceTree = BUILT_PRODUCTS_DIR; };
		71A2F7C81D1E34D300CDF125 /* AppDelegate.swift */ = {isa = PBXFileReference; lastKnownFileType = sourcecode.swift; path = AppDelegate.swift; sourceTree = "<group>"; };
		71A2F7CA1D1E34D300CDF125 /* ViewController.swift */ = {isa = PBXFileReference; lastKnownFileType = sourcecode.swift; path = ViewController.swift; sourceTree = "<group>"; };
		71A2F7CD1D1E34D300CDF125 /* Base */ = {isa = PBXFileReference; lastKnownFileType = file.storyboard; name = Base; path = Base.lproj/Main.storyboard; sourceTree = "<group>"; };
		71A2F7CF1D1E34D300CDF125 /* Assets.xcassets */ = {isa = PBXFileReference; lastKnownFileType = folder.assetcatalog; path = Assets.xcassets; sourceTree = "<group>"; };
		71A2F7D21D1E34D300CDF125 /* Base */ = {isa = PBXFileReference; lastKnownFileType = file.storyboard; name = Base; path = Base.lproj/LaunchScreen.storyboard; sourceTree = "<group>"; };
		71A2F7D41D1E34D300CDF125 /* Info.plist */ = {isa = PBXFileReference; lastKnownFileType = text.plist.xml; path = Info.plist; sourceTree = "<group>"; };
		71E4803F1D63E88F0097926C /* Folder.swift */ = {isa = PBXFileReference; fileEncoding = 4; lastKnownFileType = sourcecode.swift; path = Folder.swift; sourceTree = "<group>"; };
		71E480411D640DEA0097926C /* AddFolderViewController.swift */ = {isa = PBXFileReference; fileEncoding = 4; lastKnownFileType = sourcecode.swift; path = AddFolderViewController.swift; sourceTree = "<group>"; };
		7264AC5406D6A963C84C6A34 /* Pods-Alarm App.release.xcconfig */ = {isa = PBXFileReference; includeInIndex = 1; lastKnownFileType = text.xcconfig; name = "Pods-Alarm App.release.xcconfig"; path = "Pods/Target Support Files/Pods-Alarm App/Pods-Alarm App.release.xcconfig"; sourceTree = "<group>"; };
		A7437DF66F581ED759CE1084 /* Pods-Alarm App.debug.xcconfig */ = {isa = PBXFileReference; includeInIndex = 1; lastKnownFileType = text.xcconfig; name = "Pods-Alarm App.debug.xcconfig"; path = "Pods/Target Support Files/Pods-Alarm App/Pods-Alarm App.debug.xcconfig"; sourceTree = "<group>"; };
/* End PBXFileReference section */

/* Begin PBXFrameworksBuildPhase section */
		71A2F7C21D1E34D300CDF125 /* Frameworks */ = {
			isa = PBXFrameworksBuildPhase;
			buildActionMask = 2147483647;
			files = (
				BA707ACE2D91C367579B7EDC /* Pods_Alarm_App.framework in Frameworks */,
			);
			runOnlyForDeploymentPostprocessing = 0;
		};
/* End PBXFrameworksBuildPhase section */

/* Begin PBXGroup section */
		718DBDB21D6583E900F887B1 /* View Controllers */ = {
			isa = PBXGroup;
			children = (
				71A2F7CA1D1E34D300CDF125 /* ViewController.swift */,
				718DBDB01D65349C00F887B1 /* FolderViewController.swift */,
				7190A3721D61C14400B0119C /* AddAlarmViewController.swift */,
				71E480411D640DEA0097926C /* AddFolderViewController.swift */,
				7190A36E1D618AE700B0119C /* AlarmTableViewCell.swift */,
				718DBDB51D6596BD00F887B1 /* FolderAlarmTableViewCell.swift */,
			);
			name = "View Controllers";
			sourceTree = "<group>";
		};
		718DBDB31D65841300F887B1 /* Helpers */ = {
			isa = PBXGroup;
			children = (
				7190A3761D62D8B000B0119C /* AlarmScheduler.swift */,
				7190A3741D61D32B00B0119C /* RealmHelper.swift */,
			);
			name = Helpers;
			sourceTree = "<group>";
		};
		718DBDB41D65842D00F887B1 /* Objects */ = {
			isa = PBXGroup;
			children = (
				7190A3701D618AF600B0119C /* Alarm.swift */,
				71E4803F1D63E88F0097926C /* Folder.swift */,
			);
			name = Objects;
			sourceTree = "<group>";
		};
		71A2F7BC1D1E34D300CDF125 = {
			isa = PBXGroup;
			children = (
				71A2F7C71D1E34D300CDF125 /* Alarm App */,
				71A2F7C61D1E34D300CDF125 /* Products */,
				B2C8DE5C559469D2FF513718 /* Pods */,
				A171D502C4DE494A1B705CD8 /* Frameworks */,
			);
			sourceTree = "<group>";
		};
		71A2F7C61D1E34D300CDF125 /* Products */ = {
			isa = PBXGroup;
			children = (
				71A2F7C51D1E34D300CDF125 /* Alarm App.app */,
			);
			name = Products;
			sourceTree = "<group>";
		};
		71A2F7C71D1E34D300CDF125 /* Alarm App */ = {
			isa = PBXGroup;
			children = (
				71A2F7C81D1E34D300CDF125 /* AppDelegate.swift */,
				718DBDB41D65842D00F887B1 /* Objects */,
				718DBDB31D65841300F887B1 /* Helpers */,
				718DBDB21D6583E900F887B1 /* View Controllers */,
				71A2F7CC1D1E34D300CDF125 /* Main.storyboard */,
				71A2F7CF1D1E34D300CDF125 /* Assets.xcassets */,
				71A2F7D11D1E34D300CDF125 /* LaunchScreen.storyboard */,
				71A2F7D41D1E34D300CDF125 /* Info.plist */,
			);
			path = "Alarm App";
			sourceTree = "<group>";
		};
		A171D502C4DE494A1B705CD8 /* Frameworks */ = {
			isa = PBXGroup;
			children = (
				530BC55C8F7D57142C260862 /* Pods_Alarm_App.framework */,
			);
			name = Frameworks;
			sourceTree = "<group>";
		};
		B2C8DE5C559469D2FF513718 /* Pods */ = {
			isa = PBXGroup;
			children = (
				A7437DF66F581ED759CE1084 /* Pods-Alarm App.debug.xcconfig */,
				7264AC5406D6A963C84C6A34 /* Pods-Alarm App.release.xcconfig */,
			);
			name = Pods;
			sourceTree = "<group>";
		};
/* End PBXGroup section */

/* Begin PBXNativeTarget section */
		71A2F7C41D1E34D300CDF125 /* Alarm App */ = {
			isa = PBXNativeTarget;
			buildConfigurationList = 71A2F7D71D1E34D300CDF125 /* Build configuration list for PBXNativeTarget "Alarm App" */;
			buildPhases = (
				0767E3A340CBBFE519EAEA91 /* [CP] Check Pods Manifest.lock */,
				71A2F7C11D1E34D300CDF125 /* Sources */,
				71A2F7C21D1E34D300CDF125 /* Frameworks */,
				71A2F7C31D1E34D300CDF125 /* Resources */,
				09376D1D46EA357E93908633 /* [CP] Embed Pods Frameworks */,
				465C04E3DB4EDE2AF5A882CA /* [CP] Copy Pods Resources */,
			);
			buildRules = (
			);
			dependencies = (
			);
			name = "Alarm App";
			productName = "Alarm App";
			productReference = 71A2F7C51D1E34D300CDF125 /* Alarm App.app */;
			productType = "com.apple.product-type.application";
		};
/* End PBXNativeTarget section */

/* Begin PBXProject section */
		71A2F7BD1D1E34D300CDF125 /* Project object */ = {
			isa = PBXProject;
			attributes = {
				LastSwiftUpdateCheck = 0730;
				LastUpgradeCheck = 0730;
				ORGANIZATIONNAME = "Ray Zhu";
				TargetAttributes = {
					71A2F7C41D1E34D300CDF125 = {
						CreatedOnToolsVersion = 7.3.1;
					};
				};
			};
			buildConfigurationList = 71A2F7C01D1E34D300CDF125 /* Build configuration list for PBXProject "Alarm App" */;
			compatibilityVersion = "Xcode 3.2";
			developmentRegion = English;
			hasScannedForEncodings = 0;
			knownRegions = (
				en,
				Base,
			);
			mainGroup = 71A2F7BC1D1E34D300CDF125;
			productRefGroup = 71A2F7C61D1E34D300CDF125 /* Products */;
			projectDirPath = "";
			projectRoot = "";
			targets = (
				71A2F7C41D1E34D300CDF125 /* Alarm App */,
			);
		};
/* End PBXProject section */

/* Begin PBXResourcesBuildPhase section */
		71A2F7C31D1E34D300CDF125 /* Resources */ = {
			isa = PBXResourcesBuildPhase;
			buildActionMask = 2147483647;
			files = (
				71A2F7D31D1E34D300CDF125 /* LaunchScreen.storyboard in Resources */,
				71A2F7D01D1E34D300CDF125 /* Assets.xcassets in Resources */,
				71A2F7CE1D1E34D300CDF125 /* Main.storyboard in Resources */,
			);
			runOnlyForDeploymentPostprocessing = 0;
		};
/* End PBXResourcesBuildPhase section */

/* Begin PBXShellScriptBuildPhase section */
		0767E3A340CBBFE519EAEA91 /* [CP] Check Pods Manifest.lock */ = {
			isa = PBXShellScriptBuildPhase;
			buildActionMask = 2147483647;
			files = (
			);
			inputPaths = (
			);
			name = "[CP] Check Pods Manifest.lock";
			outputPaths = (
			);
			runOnlyForDeploymentPostprocessing = 0;
			shellPath = /bin/sh;
			shellScript = "diff \"${PODS_ROOT}/../Podfile.lock\" \"${PODS_ROOT}/Manifest.lock\" > /dev/null\nif [[ $? != 0 ]] ; then\n    cat << EOM\nerror: The sandbox is not in sync with the Podfile.lock. Run 'pod install' or update your CocoaPods installation.\nEOM\n    exit 1\nfi\n";
			showEnvVarsInLog = 0;
		};
		09376D1D46EA357E93908633 /* [CP] Embed Pods Frameworks */ = {
			isa = PBXShellScriptBuildPhase;
			buildActionMask = 2147483647;
			files = (
			);
			inputPaths = (
			);
			name = "[CP] Embed Pods Frameworks";
			outputPaths = (
			);
			runOnlyForDeploymentPostprocessing = 0;
			shellPath = /bin/sh;
			shellScript = "\"${SRCROOT}/Pods/Target Support Files/Pods-Alarm App/Pods-Alarm App-frameworks.sh\"\n";
			showEnvVarsInLog = 0;
		};
		465C04E3DB4EDE2AF5A882CA /* [CP] Copy Pods Resources */ = {
			isa = PBXShellScriptBuildPhase;
			buildActionMask = 2147483647;
			files = (
			);
			inputPaths = (
			);
			name = "[CP] Copy Pods Resources";
			outputPaths = (
			);
			runOnlyForDeploymentPostprocessing = 0;
			shellPath = /bin/sh;
			shellScript = "\"${SRCROOT}/Pods/Target Support Files/Pods-Alarm App/Pods-Alarm App-resources.sh\"\n";
			showEnvVarsInLog = 0;
		};
/* End PBXShellScriptBuildPhase section */

/* Begin PBXSourcesBuildPhase section */
		71A2F7C11D1E34D300CDF125 /* Sources */ = {
			isa = PBXSourcesBuildPhase;
			buildActionMask = 2147483647;
			files = (
				71A2F7CB1D1E34D300CDF125 /* ViewController.swift in Sources */,
				7190A3751D61D32B00B0119C /* RealmHelper.swift in Sources */,
				7190A3771D62D8B000B0119C /* AlarmScheduler.swift in Sources */,
				71E480401D63E88F0097926C /* Folder.swift in Sources */,
				71A2F7C91D1E34D300CDF125 /* AppDelegate.swift in Sources */,
				7190A3731D61C14400B0119C /* AddAlarmViewController.swift in Sources */,
				718DBDB11D65349C00F887B1 /* FolderViewController.swift in Sources */,
				71E480421D640DEA0097926C /* AddFolderViewController.swift in Sources */,
				718DBDB61D6596BD00F887B1 /* FolderAlarmTableViewCell.swift in Sources */,
				7190A36F1D618AE700B0119C /* AlarmTableViewCell.swift in Sources */,
				7190A3711D618AF600B0119C /* Alarm.swift in Sources */,
			);
			runOnlyForDeploymentPostprocessing = 0;
		};
/* End PBXSourcesBuildPhase section */

/* Begin PBXVariantGroup section */
		71A2F7CC1D1E34D300CDF125 /* Main.storyboard */ = {
			isa = PBXVariantGroup;
			children = (
				71A2F7CD1D1E34D300CDF125 /* Base */,
			);
			name = Main.storyboard;
			sourceTree = "<group>";
		};
		71A2F7D11D1E34D300CDF125 /* LaunchScreen.storyboard */ = {
			isa = PBXVariantGroup;
			children = (
				71A2F7D21D1E34D300CDF125 /* Base */,
			);
			name = LaunchScreen.storyboard;
			sourceTree = "<group>";
		};
/* End PBXVariantGroup section */

/* Begin XCBuildConfiguration section */
		71A2F7D51D1E34D300CDF125 /* Debug */ = {
			isa = XCBuildConfiguration;
			buildSettings = {
				ALWAYS_SEARCH_USER_PATHS = NO;
				CLANG_ANALYZER_NONNULL = YES;
				CLANG_CXX_LANGUAGE_STANDARD = "gnu++0x";
				CLANG_CXX_LIBRARY = "libc++";
				CLANG_ENABLE_MODULES = YES;
				CLANG_ENABLE_OBJC_ARC = YES;
				CLANG_WARN_BOOL_CONVERSION = YES;
				CLANG_WARN_CONSTANT_CONVERSION = YES;
				CLANG_WARN_DIRECT_OBJC_ISA_USAGE = YES_ERROR;
				CLANG_WARN_EMPTY_BODY = YES;
				CLANG_WARN_ENUM_CONVERSION = YES;
				CLANG_WARN_INT_CONVERSION = YES;
				CLANG_WARN_OBJC_ROOT_CLASS = YES_ERROR;
				CLANG_WARN_UNREACHABLE_CODE = YES;
				CLANG_WARN__DUPLICATE_METHOD_MATCH = YES;
				"CODE_SIGN_IDENTITY[sdk=iphoneos*]" = "iPhone Developer";
				COPY_PHASE_STRIP = NO;
				DEBUG_INFORMATION_FORMAT = dwarf;
				ENABLE_STRICT_OBJC_MSGSEND = YES;
				ENABLE_TESTABILITY = YES;
				GCC_C_LANGUAGE_STANDARD = gnu99;
				GCC_DYNAMIC_NO_PIC = NO;
				GCC_NO_COMMON_BLOCKS = YES;
				GCC_OPTIMIZATION_LEVEL = 0;
				GCC_PREPROCESSOR_DEFINITIONS = (
					"DEBUG=1",
					"$(inherited)",
				);
				GCC_WARN_64_TO_32_BIT_CONVERSION = YES;
				GCC_WARN_ABOUT_RETURN_TYPE = YES_ERROR;
				GCC_WARN_UNDECLARED_SELECTOR = YES;
				GCC_WARN_UNINITIALIZED_AUTOS = YES_AGGRESSIVE;
				GCC_WARN_UNUSED_FUNCTION = YES;
				GCC_WARN_UNUSED_VARIABLE = YES;
				IPHONEOS_DEPLOYMENT_TARGET = 9.3;
				MTL_ENABLE_DEBUG_INFO = YES;
				ONLY_ACTIVE_ARCH = YES;
				SDKROOT = iphoneos;
				SWIFT_OPTIMIZATION_LEVEL = "-Onone";
				TARGETED_DEVICE_FAMILY = "1,2";
			};
			name = Debug;
		};
		71A2F7D61D1E34D300CDF125 /* Release */ = {
			isa = XCBuildConfiguration;
			buildSettings = {
				ALWAYS_SEARCH_USER_PATHS = NO;
				CLANG_ANALYZER_NONNULL = YES;
				CLANG_CXX_LANGUAGE_STANDARD = "gnu++0x";
				CLANG_CXX_LIBRARY = "libc++";
				CLANG_ENABLE_MODULES = YES;
				CLANG_ENABLE_OBJC_ARC = YES;
				CLANG_WARN_BOOL_CONVERSION = YES;
				CLANG_WARN_CONSTANT_CONVERSION = YES;
				CLANG_WARN_DIRECT_OBJC_ISA_USAGE = YES_ERROR;
				CLANG_WARN_EMPTY_BODY = YES;
				CLANG_WARN_ENUM_CONVERSION = YES;
				CLANG_WARN_INT_CONVERSION = YES;
				CLANG_WARN_OBJC_ROOT_CLASS = YES_ERROR;
				CLANG_WARN_UNREACHABLE_CODE = YES;
				CLANG_WARN__DUPLICATE_METHOD_MATCH = YES;
				"CODE_SIGN_IDENTITY[sdk=iphoneos*]" = "iPhone Developer";
				COPY_PHASE_STRIP = NO;
				DEBUG_INFORMATION_FORMAT = "dwarf-with-dsym";
				ENABLE_NS_ASSERTIONS = NO;
				ENABLE_STRICT_OBJC_MSGSEND = YES;
				GCC_C_LANGUAGE_STANDARD = gnu99;
				GCC_NO_COMMON_BLOCKS = YES;
				GCC_WARN_64_TO_32_BIT_CONVERSION = YES;
				GCC_WARN_ABOUT_RETURN_TYPE = YES_ERROR;
				GCC_WARN_UNDECLARED_SELECTOR = YES;
				GCC_WARN_UNINITIALIZED_AUTOS = YES_AGGRESSIVE;
				GCC_WARN_UNUSED_FUNCTION = YES;
				GCC_WARN_UNUSED_VARIABLE = YES;
				IPHONEOS_DEPLOYMENT_TARGET = 9.3;
				MTL_ENABLE_DEBUG_INFO = NO;
				SDKROOT = iphoneos;
				TARGETED_DEVICE_FAMILY = "1,2";
				VALIDATE_PRODUCT = YES;
			};
			name = Release;
		};
		71A2F7D81D1E34D300CDF125 /* Debug */ = {
			isa = XCBuildConfiguration;
			baseConfigurationReference = A7437DF66F581ED759CE1084 /* Pods-Alarm App.debug.xcconfig */;
			buildSettings = {
				ASSETCATALOG_COMPILER_APPICON_NAME = AppIcon;
				INFOPLIST_FILE = "Alarm App/Info.plist";
				LD_RUNPATH_SEARCH_PATHS = "$(inherited) @executable_path/Frameworks";
				PRODUCT_BUNDLE_IDENTIFIER = "rayzhu.Alarm-App";
				PRODUCT_NAME = "$(TARGET_NAME)";
			};
			name = Debug;
		};
		71A2F7D91D1E34D300CDF125 /* Release */ = {
			isa = XCBuildConfiguration;
			baseConfigurationReference = 7264AC5406D6A963C84C6A34 /* Pods-Alarm App.release.xcconfig */;
			buildSettings = {
				ASSETCATALOG_COMPILER_APPICON_NAME = AppIcon;
				INFOPLIST_FILE = "Alarm App/Info.plist";
				LD_RUNPATH_SEARCH_PATHS = "$(inherited) @executable_path/Frameworks";
				PRODUCT_BUNDLE_IDENTIFIER = "rayzhu.Alarm-App";
				PRODUCT_NAME = "$(TARGET_NAME)";
			};
			name = Release;
		};
/* End XCBuildConfiguration section */

/* Begin XCConfigurationList section */
		71A2F7C01D1E34D300CDF125 /* Build configuration list for PBXProject "Alarm App" */ = {
			isa = XCConfigurationList;
			buildConfigurations = (
				71A2F7D51D1E34D300CDF125 /* Debug */,
				71A2F7D61D1E34D300CDF125 /* Release */,
			);
			defaultConfigurationIsVisible = 0;
			defaultConfigurationName = Release;
		};
		71A2F7D71D1E34D300CDF125 /* Build configuration list for PBXNativeTarget "Alarm App" */ = {
			isa = XCConfigurationList;
			buildConfigurations = (
				71A2F7D81D1E34D300CDF125 /* Debug */,
				71A2F7D91D1E34D300CDF125 /* Release */,
			);
			defaultConfigurationIsVisible = 0;
			defaultConfigurationName = Release;
		};
/* End XCConfigurationList section */
	};
	rootObject = 71A2F7BD1D1E34D300CDF125 /* Project object */;
}
